
Microsoft Visual Studio Solution File, Format Version 12.00
# Visual Studio Version 17
VisualStudioVersion = 17.13.35919.96 d17.13
MinimumVisualStudioVersion = 10.0.40219.1
Project("{FAE04EC0-301F-11D3-BF4B-00C04F79EFBC}") = "Remidi_UTS_PBO", "Remidi_UTS_PBO.csproj", "{EC28E473-8E20-4EAD-A7D7-2E962D96AE10}"
EndProject
Global
	GlobalSection(SolutionConfigurationPlatforms) = preSolution
		Debug|Any CPU = Debug|Any CPU
		Release|Any CPU = Release|Any CPU
	EndGlobalSection
	GlobalSection(ProjectConfigurationPlatforms) = postSolution
		{EC28E473-8E20-4EAD-A7D7-2E962D96AE10}.Debug|Any CPU.ActiveCfg = Debug|Any CPU
		{EC28E473-8E20-4EAD-A7D7-2E962D96AE10}.Debug|Any CPU.Build.0 = Debug|Any CPU
		{EC28E473-8E20-4EAD-A7D7-2E962D96AE10}.Release|Any CPU.ActiveCfg = Release|Any CPU
		{EC28E473-8E20-4EAD-A7D7-2E962D96AE10}.Release|Any CPU.Build.0 = Release|Any CPU
	EndGlobalSection
	GlobalSection(SolutionProperties) = preSolution
		HideSolutionNode = FALSE
	EndGlobalSection
	GlobalSection(ExtensibilityGlobals) = postSolution
		SolutionGuid = {B351F6FD-1DCC-404A-A326-304E17E84DD9}
	EndGlobalSection
EndGlobal
